
Microsoft Visual Studio Solution File, Format Version 12.00
# Visual Studio Version 17
VisualStudioVersion = 17.9.34310.174
MinimumVisualStudioVersion = 10.0.40219.1
Project("{2150E333-8FDC-42A3-9474-1A3956D46DE8}") = "Resources", "Resources", "{23117351-E2D9-4E60-A062-BB47B567303C}"
EndProject
Project("{FAE04EC0-301F-11D3-BF4B-00C04F79EFBC}") = "API1", "Resources\API1\API1.csproj", "{5052622F-D06A-40A2-89B0-69CC6FCA70C6}"
EndProject
Project("{9A19103F-16F7-4668-BE54-9A1E7A4F7556}") = "API_Gateway", "API_Gateway\API_Gateway.csproj", "{1E031849-B876-4F7B-8105-1FF8F6567CE9}"
EndProject
Project("{2150E333-8FDC-42A3-9474-1A3956D46DE8}") = "K6", "K6", "{600B3DD2-441B-499E-A4C1-98C1AA48EEFD}"
	ProjectSection(SolutionItems) = preProject
		K6\k6-test.js = K6\k6-test.js
	EndProjectSection
EndProject
Global
	GlobalSection(SolutionConfigurationPlatforms) = preSolution
		Debug|Any CPU = Debug|Any CPU
		Release|Any CPU = Release|Any CPU
	EndGlobalSection
	GlobalSection(ProjectConfigurationPlatforms) = postSolution
		{5052622F-D06A-40A2-89B0-69CC6FCA70C6}.Debug|Any CPU.ActiveCfg = Debug|Any CPU
		{5052622F-D06A-40A2-89B0-69CC6FCA70C6}.Debug|Any CPU.Build.0 = Debug|Any CPU
		{5052622F-D06A-40A2-89B0-69CC6FCA70C6}.Release|Any CPU.ActiveCfg = Release|Any CPU
		{5052622F-D06A-40A2-89B0-69CC6FCA70C6}.Release|Any CPU.Build.0 = Release|Any CPU
		{1E031849-B876-4F7B-8105-1FF8F6567CE9}.Debug|Any CPU.ActiveCfg = Debug|Any CPU
		{1E031849-B876-4F7B-8105-1FF8F6567CE9}.Debug|Any CPU.Build.0 = Debug|Any CPU
		{1E031849-B876-4F7B-8105-1FF8F6567CE9}.Release|Any CPU.ActiveCfg = Release|Any CPU
		{1E031849-B876-4F7B-8105-1FF8F6567CE9}.Release|Any CPU.Build.0 = Release|Any CPU
	EndGlobalSection
	GlobalSection(SolutionProperties) = preSolution
		HideSolutionNode = FALSE
	EndGlobalSection
	GlobalSection(NestedProjects) = preSolution
		{5052622F-D06A-40A2-89B0-69CC6FCA70C6} = {23117351-E2D9-4E60-A062-BB47B567303C}
	EndGlobalSection
	GlobalSection(ExtensibilityGlobals) = postSolution
		SolutionGuid = {C98DA853-CE20-4734-AF95-E22641904F5B}
	EndGlobalSection
EndGlobal
